// !$*UTF8*$!
{
	archiveVersion = 1;
	classes = {
	};
	objectVersion = 48;
	objects = {

/* Begin PBXBuildFile section */
		AF10E0D91F75092F0063A9DC /* SoundCell.swift in Sources */ = {isa = PBXBuildFile; fileRef = AF10E0D81F75092F0063A9DC /* SoundCell.swift */; };
		AF15384B1F7364FD00FDEE20 /* AppDelegate.swift in Sources */ = {isa = PBXBuildFile; fileRef = AF15384A1F7364FD00FDEE20 /* AppDelegate.swift */; };
		AF15384D1F7364FD00FDEE20 /* ViewController.swift in Sources */ = {isa = PBXBuildFile; fileRef = AF15384C1F7364FD00FDEE20 /* ViewController.swift */; };
		AF1538501F7364FD00FDEE20 /* Main.storyboard in Resources */ = {isa = PBXBuildFile; fileRef = AF15384E1F7364FD00FDEE20 /* Main.storyboard */; };
		AF1538521F7364FD00FDEE20 /* Assets.xcassets in Resources */ = {isa = PBXBuildFile; fileRef = AF1538511F7364FD00FDEE20 /* Assets.xcassets */; };
		AF1538551F7364FD00FDEE20 /* LaunchScreen.storyboard in Resources */ = {isa = PBXBuildFile; fileRef = AF1538531F7364FD00FDEE20 /* LaunchScreen.storyboard */; };
		AF1538791F73666600FDEE20 /* Sound.swift in Sources */ = {isa = PBXBuildFile; fileRef = AF1538781F73666600FDEE20 /* Sound.swift */; };
		AFCB5F361F7916FD0020F6E7 /* UIButtonType+.swift in Sources */ = {isa = PBXBuildFile; fileRef = AFCB5F351F7916FD0020F6E7 /* UIButtonType+.swift */; };
/* End PBXBuildFile section */

/* Begin PBXFileReference section */
		AF10E0D81F75092F0063A9DC /* SoundCell.swift */ = {isa = PBXFileReference; lastKnownFileType = sourcecode.swift; path = SoundCell.swift; sourceTree = "<group>"; };
		AF1538471F7364FD00FDEE20 /* iOSSystemSounds.app */ = {isa = PBXFileReference; explicitFileType = wrapper.application; includeInIndex = 0; path = iOSSystemSounds.app; sourceTree = BUILT_PRODUCTS_DIR; };
		AF15384A1F7364FD00FDEE20 /* AppDelegate.swift */ = {isa = PBXFileReference; lastKnownFileType = sourcecode.swift; path = AppDelegate.swift; sourceTree = "<group>"; };
		AF15384C1F7364FD00FDEE20 /* ViewController.swift */ = {isa = PBXFileReference; lastKnownFileType = sourcecode.swift; path = ViewController.swift; sourceTree = "<group>"; };
		AF15384F1F7364FD00FDEE20 /* Base */ = {isa = PBXFileReference; lastKnownFileType = file.storyboard; name = Base; path = Base.lproj/Main.storyboard; sourceTree = "<group>"; };
		AF1538511F7364FD00FDEE20 /* Assets.xcassets */ = {isa = PBXFileReference; lastKnownFileType = folder.assetcatalog; path = Assets.xcassets; sourceTree = "<group>"; };
		AF1538541F7364FD00FDEE20 /* Base */ = {isa = PBXFileReference; lastKnownFileType = file.storyboard; name = Base; path = Base.lproj/LaunchScreen.storyboard; sourceTree = "<group>"; };
		AF1538561F7364FD00FDEE20 /* Info.plist */ = {isa = PBXFileReference; lastKnownFileType = text.plist.xml; path = Info.plist; sourceTree = "<group>"; };
		AF15385F1F7364FD00FDEE20 /* iOSSystemSoundsTests.swift */ = {isa = PBXFileReference; lastKnownFileType = sourcecode.swift; path = iOSSystemSoundsTests.swift; sourceTree = "<group>"; };
		AF1538611F7364FD00FDEE20 /* Info.plist */ = {isa = PBXFileReference; lastKnownFileType = text.plist.xml; path = Info.plist; sourceTree = "<group>"; };
		AF15386A1F7364FD00FDEE20 /* iOSSystemSoundsUITests.swift */ = {isa = PBXFileReference; lastKnownFileType = sourcecode.swift; path = iOSSystemSoundsUITests.swift; sourceTree = "<group>"; };
		AF15386C1F7364FD00FDEE20 /* Info.plist */ = {isa = PBXFileReference; lastKnownFileType = text.plist.xml; path = Info.plist; sourceTree = "<group>"; };
		AF1538781F73666600FDEE20 /* Sound.swift */ = {isa = PBXFileReference; lastKnownFileType = sourcecode.swift; path = Sound.swift; sourceTree = "<group>"; };
		AFCB5F351F7916FD0020F6E7 /* UIButtonType+.swift */ = {isa = PBXFileReference; lastKnownFileType = sourcecode.swift; path = "UIButtonType+.swift"; sourceTree = "<group>"; };
/* End PBXFileReference section */

/* Begin PBXFrameworksBuildPhase section */
		AF1538441F7364FD00FDEE20 /* Frameworks */ = {
			isa = PBXFrameworksBuildPhase;
			buildActionMask = 2147483647;
			files = (
			);
			runOnlyForDeploymentPostprocessing = 0;
		};
/* End PBXFrameworksBuildPhase section */

/* Begin PBXGroup section */
		AF15383E1F7364FD00FDEE20 = {
			isa = PBXGroup;
			children = (
				AF1538491F7364FD00FDEE20 /* iOSSystemSounds */,
				AF15385E1F7364FD00FDEE20 /* iOSSystemSoundsTests */,
				AF1538691F7364FD00FDEE20 /* iOSSystemSoundsUITests */,
				AF1538481F7364FD00FDEE20 /* Products */,
			);
			sourceTree = "<group>";
		};
		AF1538481F7364FD00FDEE20 /* Products */ = {
			isa = PBXGroup;
			children = (
				AF1538471F7364FD00FDEE20 /* iOSSystemSounds.app */,
			);
			name = Products;
			sourceTree = "<group>";
		};
		AF1538491F7364FD00FDEE20 /* iOSSystemSounds */ = {
			isa = PBXGroup;
			children = (
				AF15384A1F7364FD00FDEE20 /* AppDelegate.swift */,
				AF15384C1F7364FD00FDEE20 /* ViewController.swift */,
				AF15384E1F7364FD00FDEE20 /* Main.storyboard */,
				AF1538511F7364FD00FDEE20 /* Assets.xcassets */,
				AF1538531F7364FD00FDEE20 /* LaunchScreen.storyboard */,
				AF1538561F7364FD00FDEE20 /* Info.plist */,
				AF1538781F73666600FDEE20 /* Sound.swift */,
				AF10E0D81F75092F0063A9DC /* SoundCell.swift */,
				AFCB5F351F7916FD0020F6E7 /* UIButtonType+.swift */,
			);
			path = iOSSystemSounds;
			sourceTree = "<group>";
		};
		AF15385E1F7364FD00FDEE20 /* iOSSystemSoundsTests */ = {
			isa = PBXGroup;
			children = (
				AF15385F1F7364FD00FDEE20 /* iOSSystemSoundsTests.swift */,
				AF1538611F7364FD00FDEE20 /* Info.plist */,
			);
			path = iOSSystemSoundsTests;
			sourceTree = "<group>";
		};
		AF1538691F7364FD00FDEE20 /* iOSSystemSoundsUITests */ = {
			isa = PBXGroup;
			children = (
				AF15386A1F7364FD00FDEE20 /* iOSSystemSoundsUITests.swift */,
				AF15386C1F7364FD00FDEE20 /* Info.plist */,
			);
			path = iOSSystemSoundsUITests;
			sourceTree = "<group>";
		};
/* End PBXGroup section */

/* Begin PBXNativeTarget section */
		AF1538461F7364FD00FDEE20 /* iOSSystemSounds */ = {
			isa = PBXNativeTarget;
			buildConfigurationList = AF15386F1F7364FD00FDEE20 /* Build configuration list for PBXNativeTarget "iOSSystemSounds" */;
			buildPhases = (
				AF1538431F7364FD00FDEE20 /* Sources */,
				AF1538441F7364FD00FDEE20 /* Frameworks */,
				AF1538451F7364FD00FDEE20 /* Resources */,
			);
			buildRules = (
			);
			dependencies = (
			);
			name = iOSSystemSounds;
			productName = iOSSystemSounds;
			productReference = AF1538471F7364FD00FDEE20 /* iOSSystemSounds.app */;
			productType = "com.apple.product-type.application";
		};
/* End PBXNativeTarget section */

/* Begin PBXProject section */
		AF15383F1F7364FD00FDEE20 /* Project object */ = {
			isa = PBXProject;
			attributes = {
				LastSwiftUpdateCheck = 0900;
				LastUpgradeCheck = 1340;
				ORGANIZATIONNAME = "Wayne Yeh";
				TargetAttributes = {
					AF1538461F7364FD00FDEE20 = {
						CreatedOnToolsVersion = 9.0;
						ProvisioningStyle = Automatic;
					};
				};
			};
			buildConfigurationList = AF1538421F7364FD00FDEE20 /* Build configuration list for PBXProject "iOSSystemSounds" */;
			compatibilityVersion = "Xcode 8.0";
			developmentRegion = en;
			hasScannedForEncodings = 0;
			knownRegions = (
				en,
				Base,
			);
			mainGroup = AF15383E1F7364FD00FDEE20;
			productRefGroup = AF1538481F7364FD00FDEE20 /* Products */;
			projectDirPath = "";
			projectRoot = "";
			targets = (
				AF1538461F7364FD00FDEE20 /* iOSSystemSounds */,
			);
		};
/* End PBXProject section */

/* Begin PBXResourcesBuildPhase section */
		AF1538451F7364FD00FDEE20 /* Resources */ = {
			isa = PBXResourcesBuildPhase;
			buildActionMask = 2147483647;
			files = (
				AF1538551F7364FD00FDEE20 /* LaunchScreen.storyboard in Resources */,
				AF1538521F7364FD00FDEE20 /* Assets.xcassets in Resources */,
				AF1538501F7364FD00FDEE20 /* Main.storyboard in Resources */,
			);
			runOnlyForDeploymentPostprocessing = 0;
		};
/* End PBXResourcesBuildPhase section */

/* Begin PBXSourcesBuildPhase section */
		AF1538431F7364FD00FDEE20 /* Sources */ = {
			isa = PBXSourcesBuildPhase;
			buildActionMask = 2147483647;
			files = (
				AF15384D1F7364FD00FDEE20 /* ViewController.swift in Sources */,
				AFCB5F361F7916FD0020F6E7 /* UIButtonType+.swift in Sources */,
				AF1538791F73666600FDEE20 /* Sound.swift in Sources */,
				AF10E0D91F75092F0063A9DC /* SoundCell.swift in Sources */,
				AF15384B1F7364FD00FDEE20 /* AppDelegate.swift in Sources */,
			);
			runOnlyForDeploymentPostprocessing = 0;
		};
/* End PBXSourcesBuildPhase section */

/* Begin PBXVariantGroup section */
		AF15384E1F7364FD00FDEE20 /* Main.storyboard */ = {
			isa = PBXVariantGroup;
			children = (
				AF15384F1F7364FD00FDEE20 /* Base */,
			);
			name = Main.storyboard;
			sourceTree = "<group>";
		};
		AF1538531F7364FD00FDEE20 /* LaunchScreen.storyboard */ = {
			isa = PBXVariantGroup;
			children = (
				AF1538541F7364FD00FDEE20 /* Base */,
			);
			name = LaunchScreen.storyboard;
			sourceTree = "<group>";
		};
/* End PBXVariantGroup section */

/* Begin XCBuildConfiguration section */
		AF15386D1F7364FD00FDEE20 /* Debug */ = {
			isa = XCBuildConfiguration;
			buildSettings = {
				ALWAYS_SEARCH_USER_PATHS = NO;
				CLANG_ANALYZER_NONNULL = YES;
				CLANG_ANALYZER_NUMBER_OBJECT_CONVERSION = YES_AGGRESSIVE;
				CLANG_CXX_LANGUAGE_STANDARD = "gnu++14";
				CLANG_CXX_LIBRARY = "libc++";
				CLANG_ENABLE_MODULES = YES;
				CLANG_ENABLE_OBJC_ARC = YES;
				CLANG_WARN_BLOCK_CAPTURE_AUTORELEASING = YES;
				CLANG_WARN_BOOL_CONVERSION = YES;
				CLANG_WARN_COMMA = YES;
				CLANG_WARN_CONSTANT_CONVERSION = YES;
				CLANG_WARN_DEPRECATED_OBJC_IMPLEMENTATIONS = YES;
				CLANG_WARN_DIRECT_OBJC_ISA_USAGE = YES_ERROR;
				CLANG_WARN_DOCUMENTATION_COMMENTS = YES;
				CLANG_WARN_EMPTY_BODY = YES;
				CLANG_WARN_ENUM_CONVERSION = YES;
				CLANG_WARN_INFINITE_RECURSION = YES;
				CLANG_WARN_INT_CONVERSION = YES;
				CLANG_WARN_NON_LITERAL_NULL_CONVERSION = YES;
				CLANG_WARN_OBJC_IMPLICIT_RETAIN_SELF = YES;
				CLANG_WARN_OBJC_LITERAL_CONVERSION = YES;
				CLANG_WARN_OBJC_ROOT_CLASS = YES_ERROR;
				CLANG_WARN_QUOTED_INCLUDE_IN_FRAMEWORK_HEADER = YES;
				CLANG_WARN_RANGE_LOOP_ANALYSIS = YES;
				CLANG_WARN_STRICT_PROTOTYPES = YES;
				CLANG_WARN_SUSPICIOUS_MOVE = YES;
				CLANG_WARN_UNGUARDED_AVAILABILITY = YES_AGGRESSIVE;
				CLANG_WARN_UNREACHABLE_CODE = YES;
				CLANG_WARN__DUPLICATE_METHOD_MATCH = YES;
				CODE_SIGN_IDENTITY = "iPhone Developer";
				COPY_PHASE_STRIP = NO;
				DEBUG_INFORMATION_FORMAT = dwarf;
				ENABLE_STRICT_OBJC_MSGSEND = YES;
				ENABLE_TESTABILITY = YES;
				GCC_C_LANGUAGE_STANDARD = gnu11;
				GCC_DYNAMIC_NO_PIC = NO;
				GCC_NO_COMMON_BLOCKS = YES;
				GCC_OPTIMIZATION_LEVEL = 0;
				GCC_PREPROCESSOR_DEFINITIONS = (
					"DEBUG=1",
					"$(inherited)",
				);
				GCC_WARN_64_TO_32_BIT_CONVERSION = YES;
				GCC_WARN_ABOUT_RETURN_TYPE = YES_ERROR;
				GCC_WARN_UNDECLARED_SELECTOR = YES;
				GCC_WARN_UNINITIALIZED_AUTOS = YES_AGGRESSIVE;
				GCC_WARN_UNUSED_FUNCTION = YES;
				GCC_WARN_UNUSED_VARIABLE = YES;
				IPHONEOS_DEPLOYMENT_TARGET = 13.0;
				MTL_ENABLE_DEBUG_INFO = YES;
				ONLY_ACTIVE_ARCH = YES;
				SDKROOT = iphoneos;
				SWIFT_ACTIVE_COMPILATION_CONDITIONS = DEBUG;
				SWIFT_OPTIMIZATION_LEVEL = "-Onone";
			};
			name = Debug;
		};
		AF15386E1F7364FD00FDEE20 /* Release */ = {
			isa = XCBuildConfiguration;
			buildSettings = {
				ALWAYS_SEARCH_USER_PATHS = NO;
				CLANG_ANALYZER_NONNULL = YES;
				CLANG_ANALYZER_NUMBER_OBJECT_CONVERSION = YES_AGGRESSIVE;
				CLANG_CXX_LANGUAGE_STANDARD = "gnu++14";
				CLANG_CXX_LIBRARY = "libc++";
				CLANG_ENABLE_MODULES = YES;
				CLANG_ENABLE_OBJC_ARC = YES;
				CLANG_WARN_BLOCK_CAPTURE_AUTORELEASING = YES;
				CLANG_WARN_BOOL_CONVERSION = YES;
				CLANG_WARN_COMMA = YES;
				CLANG_WARN_CONSTANT_CONVERSION = YES;
				CLANG_WARN_DEPRECATED_OBJC_IMPLEMENTATIONS = YES;
				CLANG_WARN_DIRECT_OBJC_ISA_USAGE = YES_ERROR;
				CLANG_WARN_DOCUMENTATION_COMMENTS = YES;
				CLANG_WARN_EMPTY_BODY = YES;
				CLANG_WARN_ENUM_CONVERSION = YES;
				CLANG_WARN_INFINITE_RECURSION = YES;
				CLANG_WARN_INT_CONVERSION = YES;
				CLANG_WARN_NON_LITERAL_NULL_CONVERSION = YES;
				CLANG_WARN_OBJC_IMPLICIT_RETAIN_SELF = YES;
				CLANG_WARN_OBJC_LITERAL_CONVERSION = YES;
				CLANG_WARN_OBJC_ROOT_CLASS = YES_ERROR;
				CLANG_WARN_QUOTED_INCLUDE_IN_FRAMEWORK_HEADER = YES;
				CLANG_WARN_RANGE_LOOP_ANALYSIS = YES;
				CLANG_WARN_STRICT_PROTOTYPES = YES;
				CLANG_WARN_SUSPICIOUS_MOVE = YES;
				CLANG_WARN_UNGUARDED_AVAILABILITY = YES_AGGRESSIVE;
				CLANG_WARN_UNREACHABLE_CODE = YES;
				CLANG_WARN__DUPLICATE_METHOD_MATCH = YES;
				CODE_SIGN_IDENTITY = "iPhone Developer";
				COPY_PHASE_STRIP = NO;
				DEBUG_INFORMATION_FORMAT = "dwarf-with-dsym";
				ENABLE_NS_ASSERTIONS = NO;
				ENABLE_STRICT_OBJC_MSGSEND = YES;
				GCC_C_LANGUAGE_STANDARD = gnu11;
				GCC_NO_COMMON_BLOCKS = YES;
				GCC_WARN_64_TO_32_BIT_CONVERSION = YES;
				GCC_WARN_ABOUT_RETURN_TYPE = YES_ERROR;
				GCC_WARN_UNDECLARED_SELECTOR = YES;
				GCC_WARN_UNINITIALIZED_AUTOS = YES_AGGRESSIVE;
				GCC_WARN_UNUSED_FUNCTION = YES;
				GCC_WARN_UNUSED_VARIABLE = YES;
				IPHONEOS_DEPLOYMENT_TARGET = 13.0;
				MTL_ENABLE_DEBUG_INFO = NO;
				SDKROOT = iphoneos;
				SWIFT_OPTIMIZATION_LEVEL = "-Owholemodule";
				VALIDATE_PRODUCT = YES;
			};
			name = Release;
		};
		AF1538701F7364FD00FDEE20 /* Debug */ = {
			isa = XCBuildConfiguration;
			buildSettings = {
				ASSETCATALOG_COMPILER_APPICON_NAME = AppIcon;
				CODE_SIGN_STYLE = Automatic;
				DEVELOPMENT_TEAM = ZRU74Q6CGE;
				INFOPLIST_FILE = iOSSystemSounds/Info.plist;
				IPHONEOS_DEPLOYMENT_TARGET = 13.0;
				LD_RUNPATH_SEARCH_PATHS = "$(inherited) @executable_path/Frameworks";
				PRODUCT_BUNDLE_IDENTIFIER = app.yyc.iOSSystemSounds;
				PRODUCT_NAME = "$(TARGET_NAME)";
				SWIFT_VERSION = 5.0;
				TARGETED_DEVICE_FAMILY = "1,2";
			};
			name = Debug;
		};
		AF1538711F7364FD00FDEE20 /* Release */ = {
			isa = XCBuildConfiguration;
			buildSettings = {
				ASSETCATALOG_COMPILER_APPICON_NAME = AppIcon;
				CODE_SIGN_STYLE = Automatic;
				DEVELOPMENT_TEAM = ZRU74Q6CGE;
				INFOPLIST_FILE = iOSSystemSounds/Info.plist;
				IPHONEOS_DEPLOYMENT_TARGET = 13.0;
				LD_RUNPATH_SEARCH_PATHS = "$(inherited) @executable_path/Frameworks";
				PRODUCT_BUNDLE_IDENTIFIER = app.yyc.iOSSystemSounds;
				PRODUCT_NAME = "$(TARGET_NAME)";
				SWIFT_VERSION = 5.0;
				TARGETED_DEVICE_FAMILY = "1,2";
			};
			name = Release;
		};
/* End XCBuildConfiguration section */

/* Begin XCConfigurationList section */
		AF1538421F7364FD00FDEE20 /* Build configuration list for PBXProject "iOSSystemSounds" */ = {
			isa = XCConfigurationList;
			buildConfigurations = (
				AF15386D1F7364FD00FDEE20 /* Debug */,
				AF15386E1F7364FD00FDEE20 /* Release */,
			);
			defaultConfigurationIsVisible = 0;
			defaultConfigurationName = Release;
		};
		AF15386F1F7364FD00FDEE20 /* Build configuration list for PBXNativeTarget "iOSSystemSounds" */ = {
			isa = XCConfigurationList;
			buildConfigurations = (
				AF1538701F7364FD00FDEE20 /* Debug */,
				AF1538711F7364FD00FDEE20 /* Release */,
			);
			defaultConfigurationIsVisible = 0;
			defaultConfigurationName = Release;
		};
/* End XCConfigurationList section */
	};
	rootObject = AF15383F1F7364FD00FDEE20 /* Project object */;
}
